{
  "name": "twitch_clone2",
  "lockfileVersion": 3,
  "requires": true,
  "packages": {
    "": {
      "dependencies": {
        "react-native-video": "^6.16.1"
      }
    },
    "node_modules/react-native-video": {
      "version": "6.16.1",
      "resolved": "https://registry.npmjs.org/react-native-video/-/react-native-video-6.16.1.tgz",
      "integrity": "sha512-+G6tVVGbwFqNTyPivqb+PhQzWr5OudDQ1dgvBNyBRAgcS8rOcbwuS6oX+m8cxOsXHn1UT9ofQnjQEwkGOsvomg==",
      "license": "MIT",
      "peerDependencies": {
        "react": "*",
        "react-native": "*"
      }
    }
  }
}
